
Microsoft Visual Studio Solution File, Format Version 12.00
# Visual Studio Version 17
VisualStudioVersion = 17.0.31903.59
MinimumVisualStudioVersion = 10.0.40219.1
Project("{9A19103F-16F7-4668-BE54-9A1E7A4F7556}") = "LabaN15", "LabaN15\LabaN15.csproj", "{D6653ACF-293B-4558-8D83-9C4635BB2BCF}"
EndProject
Project("{9A19103F-16F7-4668-BE54-9A1E7A4F7556}") = "ArrayManager1", "ArrayManager\ArrayManager1.csproj", "{BE051C11-6F2B-40F4-844C-CD088027D787}"
EndProject
Project("{FAE04EC0-301F-11D3-BF4B-00C04F79EFBC}") = "ArrayManager2", "ArrayManager2\ArrayManager2.csproj", "{3672ADF1-E075-49B5-BA0E-ED7FE72E6F7A}"
EndProject
Global
	GlobalSection(SolutionConfigurationPlatforms) = preSolution
		Debug|Any CPU = Debug|Any CPU
		Release|Any CPU = Release|Any CPU
	EndGlobalSection
	GlobalSection(ProjectConfigurationPlatforms) = postSolution
		{D6653ACF-293B-4558-8D83-9C4635BB2BCF}.Debug|Any CPU.ActiveCfg = Debug|Any CPU
		{D6653ACF-293B-4558-8D83-9C4635BB2BCF}.Debug|Any CPU.Build.0 = Debug|Any CPU
		{D6653ACF-293B-4558-8D83-9C4635BB2BCF}.Release|Any CPU.ActiveCfg = Release|Any CPU
		{D6653ACF-293B-4558-8D83-9C4635BB2BCF}.Release|Any CPU.Build.0 = Release|Any CPU
		{BE051C11-6F2B-40F4-844C-CD088027D787}.Debug|Any CPU.ActiveCfg = Debug|Any CPU
		{BE051C11-6F2B-40F4-844C-CD088027D787}.Debug|Any CPU.Build.0 = Debug|Any CPU
		{BE051C11-6F2B-40F4-844C-CD088027D787}.Release|Any CPU.ActiveCfg = Release|Any CPU
		{BE051C11-6F2B-40F4-844C-CD088027D787}.Release|Any CPU.Build.0 = Release|Any CPU
		{3672ADF1-E075-49B5-BA0E-ED7FE72E6F7A}.Debug|Any CPU.ActiveCfg = Debug|Any CPU
		{3672ADF1-E075-49B5-BA0E-ED7FE72E6F7A}.Debug|Any CPU.Build.0 = Debug|Any CPU
		{3672ADF1-E075-49B5-BA0E-ED7FE72E6F7A}.Release|Any CPU.ActiveCfg = Release|Any CPU
		{3672ADF1-E075-49B5-BA0E-ED7FE72E6F7A}.Release|Any CPU.Build.0 = Release|Any CPU
	EndGlobalSection
	GlobalSection(SolutionProperties) = preSolution
		HideSolutionNode = FALSE
	EndGlobalSection
	GlobalSection(ExtensibilityGlobals) = postSolution
		SolutionGuid = {BC18CF45-17EE-480A-9C7D-D37704426FF3}
	EndGlobalSection
EndGlobal
